
Microsoft Visual Studio Solution File, Format Version 12.00
# Visual Studio Version 17
VisualStudioVersion = 17.4.33205.214
MinimumVisualStudioVersion = 10.0.40219.1
Project("{FAE04EC0-301F-11D3-BF4B-00C04F79EFBC}") = "BibliotecaDeClasses.common", "BibliotecaDeClasses.common\BibliotecaDeClasses.common.csproj", "{A84B0C15-862B-4654-8055-F9C2C623A992}"
EndProject
Project("{FAE04EC0-301F-11D3-BF4B-00C04F79EFBC}") = "DIO-intro.NET", "BibliotecaMain\DIO-intro.NET.csproj", "{DF42CE71-0901-4387-94DC-D56DAF17DCDA}"
EndProject
Global
	GlobalSection(SolutionConfigurationPlatforms) = preSolution
		Debug|Any CPU = Debug|Any CPU
		Release|Any CPU = Release|Any CPU
	EndGlobalSection
	GlobalSection(ProjectConfigurationPlatforms) = postSolution
		{A84B0C15-862B-4654-8055-F9C2C623A992}.Debug|Any CPU.ActiveCfg = Debug|Any CPU
		{A84B0C15-862B-4654-8055-F9C2C623A992}.Debug|Any CPU.Build.0 = Debug|Any CPU
		{A84B0C15-862B-4654-8055-F9C2C623A992}.Release|Any CPU.ActiveCfg = Release|Any CPU
		{A84B0C15-862B-4654-8055-F9C2C623A992}.Release|Any CPU.Build.0 = Release|Any CPU
		{DF42CE71-0901-4387-94DC-D56DAF17DCDA}.Debug|Any CPU.ActiveCfg = Debug|Any CPU
		{DF42CE71-0901-4387-94DC-D56DAF17DCDA}.Debug|Any CPU.Build.0 = Debug|Any CPU
		{DF42CE71-0901-4387-94DC-D56DAF17DCDA}.Release|Any CPU.ActiveCfg = Release|Any CPU
		{DF42CE71-0901-4387-94DC-D56DAF17DCDA}.Release|Any CPU.Build.0 = Release|Any CPU
	EndGlobalSection
	GlobalSection(SolutionProperties) = preSolution
		HideSolutionNode = FALSE
	EndGlobalSection
	GlobalSection(ExtensibilityGlobals) = postSolution
		SolutionGuid = {6515124E-D2D2-49F9-839F-833D026E7D8D}
	EndGlobalSection
EndGlobal
